
Microsoft Visual Studio Solution File, Format Version 12.00
# Visual Studio 15
VisualStudioVersion = 15.0.26124.0
MinimumVisualStudioVersion = 15.0.26124.0
Project("{FAE04EC0-301F-11D3-BF4B-00C04F79EFBC}") = "Maze.Common", "Maze.Common\Maze.Common.csproj", "{D55FEEBD-817D-4DED-BC0F-5E01C4776E95}"
EndProject
Project("{FAE04EC0-301F-11D3-BF4B-00C04F79EFBC}") = "Maze.Console", "Maze.Console\Maze.Console.csproj", "{8E3A32A3-DC5F-4B95-8939-B0202990C657}"
EndProject
Project("{FAE04EC0-301F-11D3-BF4B-00C04F79EFBC}") = "Maze.Test", "Maze.Test\Maze.Test.csproj", "{2A548AC1-E8FE-423C-9CDB-EBE7DEE01C9F}"
EndProject
Project("{FAE04EC0-301F-11D3-BF4B-00C04F79EFBC}") = "Maze.GameLevelGenerator", "Maze.GameLevelGenerator\Maze.GameLevelGenerator.csproj", "{0EA48F3A-BBD8-4553-8EDE-B646FEFC5ED2}"
EndProject
Global
	GlobalSection(SolutionConfigurationPlatforms) = preSolution
		Debug|Any CPU = Debug|Any CPU
		Debug|x64 = Debug|x64
		Debug|x86 = Debug|x86
		Release|Any CPU = Release|Any CPU
		Release|x64 = Release|x64
		Release|x86 = Release|x86
	EndGlobalSection
	GlobalSection(SolutionProperties) = preSolution
		HideSolutionNode = FALSE
	EndGlobalSection
	GlobalSection(ProjectConfigurationPlatforms) = postSolution
		{D55FEEBD-817D-4DED-BC0F-5E01C4776E95}.Debug|Any CPU.ActiveCfg = Debug|Any CPU
		{D55FEEBD-817D-4DED-BC0F-5E01C4776E95}.Debug|Any CPU.Build.0 = Debug|Any CPU
		{D55FEEBD-817D-4DED-BC0F-5E01C4776E95}.Debug|x64.ActiveCfg = Debug|Any CPU
		{D55FEEBD-817D-4DED-BC0F-5E01C4776E95}.Debug|x64.Build.0 = Debug|Any CPU
		{D55FEEBD-817D-4DED-BC0F-5E01C4776E95}.Debug|x86.ActiveCfg = Debug|Any CPU
		{D55FEEBD-817D-4DED-BC0F-5E01C4776E95}.Debug|x86.Build.0 = Debug|Any CPU
		{D55FEEBD-817D-4DED-BC0F-5E01C4776E95}.Release|Any CPU.ActiveCfg = Release|Any CPU
		{D55FEEBD-817D-4DED-BC0F-5E01C4776E95}.Release|Any CPU.Build.0 = Release|Any CPU
		{D55FEEBD-817D-4DED-BC0F-5E01C4776E95}.Release|x64.ActiveCfg = Release|Any CPU
		{D55FEEBD-817D-4DED-BC0F-5E01C4776E95}.Release|x64.Build.0 = Release|Any CPU
		{D55FEEBD-817D-4DED-BC0F-5E01C4776E95}.Release|x86.ActiveCfg = Release|Any CPU
		{D55FEEBD-817D-4DED-BC0F-5E01C4776E95}.Release|x86.Build.0 = Release|Any CPU
		{8E3A32A3-DC5F-4B95-8939-B0202990C657}.Debug|Any CPU.ActiveCfg = Debug|Any CPU
		{8E3A32A3-DC5F-4B95-8939-B0202990C657}.Debug|Any CPU.Build.0 = Debug|Any CPU
		{8E3A32A3-DC5F-4B95-8939-B0202990C657}.Debug|x64.ActiveCfg = Debug|Any CPU
		{8E3A32A3-DC5F-4B95-8939-B0202990C657}.Debug|x64.Build.0 = Debug|Any CPU
		{8E3A32A3-DC5F-4B95-8939-B0202990C657}.Debug|x86.ActiveCfg = Debug|Any CPU
		{8E3A32A3-DC5F-4B95-8939-B0202990C657}.Debug|x86.Build.0 = Debug|Any CPU
		{8E3A32A3-DC5F-4B95-8939-B0202990C657}.Release|Any CPU.ActiveCfg = Release|Any CPU
		{8E3A32A3-DC5F-4B95-8939-B0202990C657}.Release|Any CPU.Build.0 = Release|Any CPU
		{8E3A32A3-DC5F-4B95-8939-B0202990C657}.Release|x64.ActiveCfg = Release|Any CPU
		{8E3A32A3-DC5F-4B95-8939-B0202990C657}.Release|x64.Build.0 = Release|Any CPU
		{8E3A32A3-DC5F-4B95-8939-B0202990C657}.Release|x86.ActiveCfg = Release|Any CPU
		{8E3A32A3-DC5F-4B95-8939-B0202990C657}.Release|x86.Build.0 = Release|Any CPU
		{2A548AC1-E8FE-423C-9CDB-EBE7DEE01C9F}.Debug|Any CPU.ActiveCfg = Debug|Any CPU
		{2A548AC1-E8FE-423C-9CDB-EBE7DEE01C9F}.Debug|Any CPU.Build.0 = Debug|Any CPU
		{2A548AC1-E8FE-423C-9CDB-EBE7DEE01C9F}.Debug|x64.ActiveCfg = Debug|Any CPU
		{2A548AC1-E8FE-423C-9CDB-EBE7DEE01C9F}.Debug|x64.Build.0 = Debug|Any CPU
		{2A548AC1-E8FE-423C-9CDB-EBE7DEE01C9F}.Debug|x86.ActiveCfg = Debug|Any CPU
		{2A548AC1-E8FE-423C-9CDB-EBE7DEE01C9F}.Debug|x86.Build.0 = Debug|Any CPU
		{2A548AC1-E8FE-423C-9CDB-EBE7DEE01C9F}.Release|Any CPU.ActiveCfg = Release|Any CPU
		{2A548AC1-E8FE-423C-9CDB-EBE7DEE01C9F}.Release|Any CPU.Build.0 = Release|Any CPU
		{2A548AC1-E8FE-423C-9CDB-EBE7DEE01C9F}.Release|x64.ActiveCfg = Release|Any CPU
		{2A548AC1-E8FE-423C-9CDB-EBE7DEE01C9F}.Release|x64.Build.0 = Release|Any CPU
		{2A548AC1-E8FE-423C-9CDB-EBE7DEE01C9F}.Release|x86.ActiveCfg = Release|Any CPU
		{2A548AC1-E8FE-423C-9CDB-EBE7DEE01C9F}.Release|x86.Build.0 = Release|Any CPU
		{0EA48F3A-BBD8-4553-8EDE-B646FEFC5ED2}.Debug|Any CPU.ActiveCfg = Debug|Any CPU
		{0EA48F3A-BBD8-4553-8EDE-B646FEFC5ED2}.Debug|Any CPU.Build.0 = Debug|Any CPU
		{0EA48F3A-BBD8-4553-8EDE-B646FEFC5ED2}.Debug|x64.ActiveCfg = Debug|Any CPU
		{0EA48F3A-BBD8-4553-8EDE-B646FEFC5ED2}.Debug|x64.Build.0 = Debug|Any CPU
		{0EA48F3A-BBD8-4553-8EDE-B646FEFC5ED2}.Debug|x86.ActiveCfg = Debug|Any CPU
		{0EA48F3A-BBD8-4553-8EDE-B646FEFC5ED2}.Debug|x86.Build.0 = Debug|Any CPU
		{0EA48F3A-BBD8-4553-8EDE-B646FEFC5ED2}.Release|Any CPU.ActiveCfg = Release|Any CPU
		{0EA48F3A-BBD8-4553-8EDE-B646FEFC5ED2}.Release|Any CPU.Build.0 = Release|Any CPU
		{0EA48F3A-BBD8-4553-8EDE-B646FEFC5ED2}.Release|x64.ActiveCfg = Release|Any CPU
		{0EA48F3A-BBD8-4553-8EDE-B646FEFC5ED2}.Release|x64.Build.0 = Release|Any CPU
		{0EA48F3A-BBD8-4553-8EDE-B646FEFC5ED2}.Release|x86.ActiveCfg = Release|Any CPU
		{0EA48F3A-BBD8-4553-8EDE-B646FEFC5ED2}.Release|x86.Build.0 = Release|Any CPU
	EndGlobalSection
EndGlobal
